
Microsoft Visual Studio Solution File, Format Version 12.00
# Visual Studio 14
VisualStudioVersion = 14.0.25420.1
MinimumVisualStudioVersion = 10.0.40219.1
Project("{FAE04EC0-301F-11D3-BF4B-00C04F79EFBC}") = "WebAPI", "WebAPI\WebAPI.csproj", "{55079B32-397D-49D3-86E1-202077294336}"
EndProject
Project("{FAE04EC0-301F-11D3-BF4B-00C04F79EFBC}") = "CollaboratorUI", "WebUI\CollaboratorUI.csproj", "{B19EF847-0963-4345-AF4A-61C8F405EECB}"
EndProject
Project("{2150E333-8FDC-42A3-9474-1A3956D46DE8}") = "Tier 1 - Backend Server", "Tier 1 - Backend Server", "{9F3FC49A-4E4C-4ECA-81D0-71BED8D429B4}"
EndProject
Project("{2150E333-8FDC-42A3-9474-1A3956D46DE8}") = "Tier 2 - Frontend", "Tier 2 - Frontend", "{625C7088-4ADB-4F82-8B99-B5CE692D23A1}"
EndProject
Project("{FAE04EC0-301F-11D3-BF4B-00C04F79EFBC}") = "CollaboratorDAL", "CollaboratorDAL\CollaboratorDAL.csproj", "{EFC761DE-62BA-4147-B6FB-603DBD3F7165}"
EndProject
Project("{2150E333-8FDC-42A3-9474-1A3956D46DE8}") = "Common", "Common", "{47D9EA53-7535-4752-9C72-96127DD14677}"
EndProject
Project("{FAE04EC0-301F-11D3-BF4B-00C04F79EFBC}") = "CollaboratorCommon", "CollaboratorCommon\CollaboratorCommon.csproj", "{261F631A-B2FF-46D6-A7A6-160DF1ADABC6}"
EndProject
Global
	GlobalSection(SolutionConfigurationPlatforms) = preSolution
		Debug|Any CPU = Debug|Any CPU
		Release|Any CPU = Release|Any CPU
	EndGlobalSection
	GlobalSection(ProjectConfigurationPlatforms) = postSolution
		{55079B32-397D-49D3-86E1-202077294336}.Debug|Any CPU.ActiveCfg = Debug|Any CPU
		{55079B32-397D-49D3-86E1-202077294336}.Debug|Any CPU.Build.0 = Debug|Any CPU
		{55079B32-397D-49D3-86E1-202077294336}.Release|Any CPU.ActiveCfg = Release|Any CPU
		{55079B32-397D-49D3-86E1-202077294336}.Release|Any CPU.Build.0 = Release|Any CPU
		{B19EF847-0963-4345-AF4A-61C8F405EECB}.Debug|Any CPU.ActiveCfg = Debug|Any CPU
		{B19EF847-0963-4345-AF4A-61C8F405EECB}.Debug|Any CPU.Build.0 = Debug|Any CPU
		{B19EF847-0963-4345-AF4A-61C8F405EECB}.Release|Any CPU.ActiveCfg = Release|Any CPU
		{B19EF847-0963-4345-AF4A-61C8F405EECB}.Release|Any CPU.Build.0 = Release|Any CPU
		{EFC761DE-62BA-4147-B6FB-603DBD3F7165}.Debug|Any CPU.ActiveCfg = Debug|Any CPU
		{EFC761DE-62BA-4147-B6FB-603DBD3F7165}.Debug|Any CPU.Build.0 = Debug|Any CPU
		{EFC761DE-62BA-4147-B6FB-603DBD3F7165}.Release|Any CPU.ActiveCfg = Release|Any CPU
		{EFC761DE-62BA-4147-B6FB-603DBD3F7165}.Release|Any CPU.Build.0 = Release|Any CPU
		{261F631A-B2FF-46D6-A7A6-160DF1ADABC6}.Debug|Any CPU.ActiveCfg = Debug|Any CPU
		{261F631A-B2FF-46D6-A7A6-160DF1ADABC6}.Debug|Any CPU.Build.0 = Debug|Any CPU
		{261F631A-B2FF-46D6-A7A6-160DF1ADABC6}.Release|Any CPU.ActiveCfg = Release|Any CPU
		{261F631A-B2FF-46D6-A7A6-160DF1ADABC6}.Release|Any CPU.Build.0 = Release|Any CPU
	EndGlobalSection
	GlobalSection(SolutionProperties) = preSolution
		HideSolutionNode = FALSE
	EndGlobalSection
	GlobalSection(NestedProjects) = preSolution
		{55079B32-397D-49D3-86E1-202077294336} = {9F3FC49A-4E4C-4ECA-81D0-71BED8D429B4}
		{B19EF847-0963-4345-AF4A-61C8F405EECB} = {625C7088-4ADB-4F82-8B99-B5CE692D23A1}
		{EFC761DE-62BA-4147-B6FB-603DBD3F7165} = {625C7088-4ADB-4F82-8B99-B5CE692D23A1}
		{261F631A-B2FF-46D6-A7A6-160DF1ADABC6} = {47D9EA53-7535-4752-9C72-96127DD14677}
	EndGlobalSection
EndGlobal
